{
  "name": "stimulus-play",
  "version": "1.0.0",
  "lockfileVersion": 1,
  "requires": true,
  "dependencies": {
    "@stimulus/core": {
      "version": "1.1.0",
      "resolved": "https://registry.npmjs.org/@stimulus/core/-/core-1.1.0.tgz",
      "integrity": "sha512-tBQkrijjk8p3ZAhMMu2u87kXbTeBLPWiemoZqmb62krUt/IofQMFrbbiSzPAkkVqlv3kwjs0bmlO3H4fWE9HBQ==",
      "requires": {
        "@stimulus/mutation-observers": "^1.1.0"
      }
    },
    "@stimulus/multimap": {
      "version": "1.1.0",
      "resolved": "https://registry.npmjs.org/@stimulus/multimap/-/multimap-1.1.0.tgz",
      "integrity": "sha512-LoAyUhHX5b8/gVXHVMKUXT8vZnXSyJAWs1sopQZNBWDs34zSpWF5tqclf0T3TNg3aCbQlWaHnYv3lickpbrNEQ=="
    },
    "@stimulus/mutation-observers": {
      "version": "1.1.0",
      "resolved": "https://registry.npmjs.org/@stimulus/mutation-observers/-/mutation-observers-1.1.0.tgz",
      "integrity": "sha512-Tr0bmJEFqAm3o0mJPZcCLurlW+lp8gohFeUQNbkjj9bmCGygQKuWr1b3dwyJgG94qRuzo66QdKkvp04tp1o7lw==",
      "requires": {
        "@stimulus/multimap": "^1.1.0"
      }
    },
    "@stimulus/webpack-helpers": {
      "version": "1.1.0",
      "resolved": "https://registry.npmjs.org/@stimulus/webpack-helpers/-/webpack-helpers-1.1.0.tgz",
      "integrity": "sha512-trzloYQ7RBZcYIbB5hLLgYvC7MHJkj1avPFIrEFCd2t7WCFhH5wQApyzAZAS+BtjvFwHp0o1o7Rp1OceRgjOCw=="
    },
    "stimulus": {
      "version": "1.1.0",
      "resolved": "https://registry.npmjs.org/stimulus/-/stimulus-1.1.0.tgz",
      "integrity": "sha512-H5B/jYGoKHW7KZCdkxsjml16wMp9ubHh/Db2ewcMWIV5Y4LOGKqYOKsNDs650DidKdGht8CBTtF7jAodIOHZMA==",
      "requires": {
        "@stimulus/core": "^1.1.0",
        "@stimulus/webpack-helpers": "^1.1.0"
      }
    }
  }
}
